
Microsoft Visual Studio Solution File, Format Version 12.00
# Visual Studio Version 16
VisualStudioVersion = 16.0.30128.74
MinimumVisualStudioVersion = 10.0.40219.1
Project("{FAE04EC0-301F-11D3-BF4B-00C04F79EFBC}") = "TestTecnico", "TestTecnico\TestTecnico.csproj", "{9F9C2C64-AD0E-48BB-91BA-67014E52E189}"
EndProject
Global
	GlobalSection(SolutionConfigurationPlatforms) = preSolution
		Debug|Any CPU = Debug|Any CPU
		Release|Any CPU = Release|Any CPU
	EndGlobalSection
	GlobalSection(ProjectConfigurationPlatforms) = postSolution
		{9F9C2C64-AD0E-48BB-91BA-67014E52E189}.Debug|Any CPU.ActiveCfg = Debug|Any CPU
		{9F9C2C64-AD0E-48BB-91BA-67014E52E189}.Debug|Any CPU.Build.0 = Debug|Any CPU
		{9F9C2C64-AD0E-48BB-91BA-67014E52E189}.Release|Any CPU.ActiveCfg = Release|Any CPU
		{9F9C2C64-AD0E-48BB-91BA-67014E52E189}.Release|Any CPU.Build.0 = Release|Any CPU
	EndGlobalSection
	GlobalSection(SolutionProperties) = preSolution
		HideSolutionNode = FALSE
	EndGlobalSection
	GlobalSection(ExtensibilityGlobals) = postSolution
		SolutionGuid = {270B09DE-6D13-4450-8E74-A0AF17409018}
	EndGlobalSection
EndGlobal
